
Microsoft Visual Studio Solution File, Format Version 12.00
# Visual Studio Version 17
VisualStudioVersion = 17.9.34622.214
MinimumVisualStudioVersion = 10.0.40219.1
Project("{9A19103F-16F7-4668-BE54-9A1E7A4F7556}") = "cs2baninfo", "cs2baninfo.csproj", "{471783CE-7EE2-4398-9298-2950A647B885}"
EndProject
Global
	GlobalSection(SolutionConfigurationPlatforms) = preSolution
		Debug|Any CPU = Debug|Any CPU
		Release|Any CPU = Release|Any CPU
	EndGlobalSection
	GlobalSection(ProjectConfigurationPlatforms) = postSolution
		{471783CE-7EE2-4398-9298-2950A647B885}.Debug|Any CPU.ActiveCfg = Debug|Any CPU
		{471783CE-7EE2-4398-9298-2950A647B885}.Debug|Any CPU.Build.0 = Debug|Any CPU
		{471783CE-7EE2-4398-9298-2950A647B885}.Release|Any CPU.ActiveCfg = Release|Any CPU
		{471783CE-7EE2-4398-9298-2950A647B885}.Release|Any CPU.Build.0 = Release|Any CPU
	EndGlobalSection
	GlobalSection(SolutionProperties) = preSolution
		HideSolutionNode = FALSE
	EndGlobalSection
	GlobalSection(ExtensibilityGlobals) = postSolution
		SolutionGuid = {63A3F60A-E607-4941-90D9-1476BCD75EDA}
	EndGlobalSection
EndGlobal
